
Microsoft Visual Studio Solution File, Format Version 12.00
# Visual Studio Version 17
VisualStudioVersion = 17.4.33213.308
MinimumVisualStudioVersion = 10.0.40219.1
Project("{FAE04EC0-301F-11D3-BF4B-00C04F79EFBC}") = "Sample3D", "Sample3D.csproj", "{00AE694C-7670-4812-9780-CD831A90AAEE}"
EndProject
Global
	GlobalSection(SolutionConfigurationPlatforms) = preSolution
		Debug|Any CPU = Debug|Any CPU
		Release|Any CPU = Release|Any CPU
	EndGlobalSection
	GlobalSection(ProjectConfigurationPlatforms) = postSolution
		{00AE694C-7670-4812-9780-CD831A90AAEE}.Debug|Any CPU.ActiveCfg = Debug|Any CPU
		{00AE694C-7670-4812-9780-CD831A90AAEE}.Debug|Any CPU.Build.0 = Debug|Any CPU
		{00AE694C-7670-4812-9780-CD831A90AAEE}.Release|Any CPU.ActiveCfg = Release|Any CPU
		{00AE694C-7670-4812-9780-CD831A90AAEE}.Release|Any CPU.Build.0 = Release|Any CPU
	EndGlobalSection
	GlobalSection(SolutionProperties) = preSolution
		HideSolutionNode = FALSE
	EndGlobalSection
	GlobalSection(ExtensibilityGlobals) = postSolution
		SolutionGuid = {EDAD7868-9C10-49D3-BAC7-2C77440D6616}
	EndGlobalSection
EndGlobal
